
Microsoft Visual Studio Solution File, Format Version 12.00
# Visual Studio Version 16
VisualStudioVersion = 16.0.29806.167
MinimumVisualStudioVersion = 10.0.40219.1
Project("{FAE04EC0-301F-11D3-BF4B-00C04F79EFBC}") = "Newtera", "Newtera.csproj", "{AC25E02F-7F81-4902-9377-E14E8FB5DA9B}"
EndProject
Project("{FAE04EC0-301F-11D3-BF4B-00C04F79EFBC}") = "Common", "..\Common\Common.csproj", "{CF010325-1364-4754-9192-CF7873C35F90}"
EndProject
Project("{FAE04EC0-301F-11D3-BF4B-00C04F79EFBC}") = "AggregateFunction", "..\AggregateFunction\AggregateFunction.csproj", "{82CA71B4-4FC9-48B3-9364-9BFC0A6E6B5A}"
EndProject
Project("{FAE04EC0-301F-11D3-BF4B-00C04F79EFBC}") = "Algorithm", "..\Algorithm\Algorithm.csproj", "{CE94BE14-28B1-4ECB-B043-2EBC0B5235B6}"
EndProject
Project("{FAE04EC0-301F-11D3-BF4B-00C04F79EFBC}") = "antlr.runtime-2.7.2", "..\Antlr\antlr.runtime-2.7.2.csproj", "{CB7CC882-ED47-46C0-AAAE-7A437F22F1C6}"
EndProject
Project("{FAE04EC0-301F-11D3-BF4B-00C04F79EFBC}") = "ChartServer", "..\ChartServer\ChartServer.csproj", "{DD1B3DF3-F861-4C6E-9F67-7167D4181DED}"
EndProject
Project("{FAE04EC0-301F-11D3-BF4B-00C04F79EFBC}") = "Conveters", "..\Conveters\Conveters.csproj", "{34AD2810-F243-4076-AF6C-97FB0C26980B}"
EndProject
Project("{FAE04EC0-301F-11D3-BF4B-00C04F79EFBC}") = "CustomActions", "..\CustomActions\CustomActions.csproj", "{1A6C48E6-CBB3-4642-B280-11A0E406F5A7}"
EndProject
Project("{FAE04EC0-301F-11D3-BF4B-00C04F79EFBC}") = "CustomApiSamples", "..\CustomApiSamples\CustomApiSamples.csproj", "{8DAA0F54-5987-4885-8A40-8032FCBBA1B6}"
EndProject
Project("{FAE04EC0-301F-11D3-BF4B-00C04F79EFBC}") = "CCI", "..\CustomCodeInstaller\CCI.csproj", "{F803D209-F57F-4F21-BE50-2A2E779CAB0E}"
EndProject
Project("{FAE04EC0-301F-11D3-BF4B-00C04F79EFBC}") = "CustomWebFormControls", "..\CustomWebFormControls\CustomWebFormControls.csproj", "{5A44150B-2AB8-4391-A6CE-336B5CAE9E9E}"
EndProject
Project("{FAE04EC0-301F-11D3-BF4B-00C04F79EFBC}") = "Data", "..\Data\Data.csproj", "{C6D2E9E8-756B-4579-93C7-351A948D3C8C}"
EndProject
Project("{FAE04EC0-301F-11D3-BF4B-00C04F79EFBC}") = "Newtera.WebApi", "..\Newtera.WebApi\Newtera.WebApi.csproj", "{39A51F07-4200-4770-A756-1DA9AF579C7F}"
	ProjectSection(ProjectDependencies) = postProject
		{2E835210-D889-4CA7-8C2C-CFB0D6442446} = {2E835210-D889-4CA7-8C2C-CFB0D6442446}
	EndProjectSection
EndProject
Project("{FAE04EC0-301F-11D3-BF4B-00C04F79EFBC}") = "NewteraServer", "..\NewteraServer\NewteraServer.csproj", "{EA15DFEC-00C0-4C2F-837A-BF69BF14DBC7}"
EndProject
Project("{FAE04EC0-301F-11D3-BF4B-00C04F79EFBC}") = "ElasticSearchIndexer", "..\ElasticSearchIndexer\ElasticSearchIndexer.csproj", "{0EFC2B21-D619-432D-B10F-D9317B99A364}"
EndProject
Project("{FAE04EC0-301F-11D3-BF4B-00C04F79EFBC}") = "Export", "..\Export\Export.csproj", "{4945E10E-1AD4-4389-B503-327B929ACBEF}"
EndProject
Project("{FAE04EC0-301F-11D3-BF4B-00C04F79EFBC}") = "Import", "..\Import\Import.csproj", "{F81CE1DD-3B2C-47F1-BD17-701E653114F7}"
EndProject
Project("{FAE04EC0-301F-11D3-BF4B-00C04F79EFBC}") = "Server", "..\Server\Server.csproj", "{8D18C53D-0505-4444-A607-A8E7F80A8DBA}"
EndProject
Project("{FAE04EC0-301F-11D3-BF4B-00C04F79EFBC}") = "SiteMapStudio", "..\SiteMapStudio\SiteMapStudio.csproj", "{C5277F0B-F1F2-4CBA-8943-5309A00B7405}"
EndProject
Project("{FAE04EC0-301F-11D3-BF4B-00C04F79EFBC}") = "SlickUpload", "..\SlickUpload\SlickUpload.csproj", "{6007234A-6ED0-4CF5-8BF3-69B10A3511FA}"
EndProject
Project("{FAE04EC0-301F-11D3-BF4B-00C04F79EFBC}") = "SmartWordUtil", "..\SmartWordUtil\SmartWordUtil.csproj", "{EDD7BF56-B400-4751-B9CB-FF9728F024AE}"
EndProject
Project("{FAE04EC0-301F-11D3-BF4B-00C04F79EFBC}") = "Studio", "..\Studio\Studio.csproj", "{93CF0258-2A86-488E-8864-4339F2874CF4}"
EndProject
Project("{FAE04EC0-301F-11D3-BF4B-00C04F79EFBC}") = "Util", "..\Util\Util.csproj", "{BD4590B5-21ED-4C50-8F9E-48F900628795}"
EndProject
Project("{FAE04EC0-301F-11D3-BF4B-00C04F79EFBC}") = "WebForm", "..\WebForm\WebForm.csproj", "{2F3EF2ED-48D0-45C1-88A6-0195ABBA46EC}"
EndProject
Project("{FAE04EC0-301F-11D3-BF4B-00C04F79EFBC}") = "WindowsControl", "..\WindowsControl\WindowsControl.csproj", "{DEFECA59-D0CA-4294-9B2F-A04D6C2A5F26}"
EndProject
Project("{FAE04EC0-301F-11D3-BF4B-00C04F79EFBC}") = "WinClientCommon", "..\WinClientCommon\WinClientCommon.csproj", "{ECBB7160-2D73-40C6-8F9A-BB4E818B1C17}"
EndProject
Project("{FAE04EC0-301F-11D3-BF4B-00C04F79EFBC}") = "WorkflowActivities", "..\WorkflowActivities\WorkflowActivities.csproj", "{1D98C425-85B4-4281-89A6-5434FB492A86}"
EndProject
Project("{FAE04EC0-301F-11D3-BF4B-00C04F79EFBC}") = "WFModel", "..\WorkflowModel\WFModel.csproj", "{EF0030AC-1F81-448B-B9F2-3CF5EFFBEA52}"
EndProject
Project("{FAE04EC0-301F-11D3-BF4B-00C04F79EFBC}") = "WorkflowMonitor", "..\WorkflowMonitor\WorkflowMonitor.csproj", "{6F0A640F-91D6-485F-A961-E2994D58756F}"
EndProject
Project("{FAE04EC0-301F-11D3-BF4B-00C04F79EFBC}") = "WorkflowServices", "..\WorkflowServices\WorkflowServices.csproj", "{763837D0-56FA-40B7-84A5-5CB2D9448F51}"
EndProject
Project("{FAE04EC0-301F-11D3-BF4B-00C04F79EFBC}") = "WorkflowStudio", "..\WorkflowStudio\WorkflowStudio.csproj", "{67A695F2-23F7-4815-8F92-D23E7C8CCD7B}"
EndProject
Project("{FAE04EC0-301F-11D3-BF4B-00C04F79EFBC}") = "WorkflowStudioControl", "..\WorkflowStudioControl\WorkflowStudioControl.csproj", "{AD7B5AF3-79A3-4BF0-9AD1-2EC9D5D6BACE}"
EndProject
Project("{FAE04EC0-301F-11D3-BF4B-00C04F79EFBC}") = "ParserGen", "..\ParserProject\ParserGen.csproj", "{C01FCCBE-2299-4A5C-AB3E-2EF3B68122B4}"
EndProject
Project("{FAE04EC0-301F-11D3-BF4B-00C04F79EFBC}") = "SmartApp", "..\SmartApp\SmartApp.csproj", "{843ED736-BA41-4EA5-91D7-249D2C73564A}"
EndProject
Project("{54435603-DBB4-11D2-8724-00A0C9A8B90C}") = "NewteraStandardSetup", "..\NewteraStandardSetup\NewteraStandardSetup.vdproj", "{0E3E843E-0F3A-43D6-B1B5-21B51B0BE313}"
EndProject
Project("{FAE04EC0-301F-11D3-BF4B-00C04F79EFBC}") = "BlobStorage", "..\BlobStorage\BlobStorage.csproj", "{2E835210-D889-4CA7-8C2C-CFB0D6442446}"
	ProjectSection(ProjectDependencies) = postProject
		{CF010325-1364-4754-9192-CF7873C35F90} = {CF010325-1364-4754-9192-CF7873C35F90}
	EndProjectSection
EndProject
Project("{54435603-DBB4-11D2-8724-00A0C9A8B90C}") = "NewteraCNStandardSetup", "..\NewteraCNStandardSetup\NewteraCNStandardSetup.vdproj", "{C99B1DDE-AD83-42B6-B049-6C1DB87544F9}"
EndProject
Global
	GlobalSection(SolutionConfigurationPlatforms) = preSolution
		Debug|Any CPU = Debug|Any CPU
		Debug|x64 = Debug|x64
		Debug|x86 = Debug|x86
		Release|Any CPU = Release|Any CPU
		Release|x64 = Release|x64
		Release|x86 = Release|x86
	EndGlobalSection
	GlobalSection(ProjectConfigurationPlatforms) = postSolution
		{AC25E02F-7F81-4902-9377-E14E8FB5DA9B}.Debug|Any CPU.ActiveCfg = Debug|Any CPU
		{AC25E02F-7F81-4902-9377-E14E8FB5DA9B}.Debug|x64.ActiveCfg = Debug|Any CPU
		{AC25E02F-7F81-4902-9377-E14E8FB5DA9B}.Debug|x64.Build.0 = Debug|Any CPU
		{AC25E02F-7F81-4902-9377-E14E8FB5DA9B}.Debug|x86.ActiveCfg = Debug|Any CPU
		{AC25E02F-7F81-4902-9377-E14E8FB5DA9B}.Debug|x86.Build.0 = Debug|Any CPU
		{AC25E02F-7F81-4902-9377-E14E8FB5DA9B}.Release|Any CPU.ActiveCfg = Release|Any CPU
		{AC25E02F-7F81-4902-9377-E14E8FB5DA9B}.Release|x64.ActiveCfg = Release|Any CPU
		{AC25E02F-7F81-4902-9377-E14E8FB5DA9B}.Release|x64.Build.0 = Release|Any CPU
		{AC25E02F-7F81-4902-9377-E14E8FB5DA9B}.Release|x86.ActiveCfg = Release|Any CPU
		{AC25E02F-7F81-4902-9377-E14E8FB5DA9B}.Release|x86.Build.0 = Release|Any CPU
		{CF010325-1364-4754-9192-CF7873C35F90}.Debug|Any CPU.ActiveCfg = Debug|Any CPU
		{CF010325-1364-4754-9192-CF7873C35F90}.Debug|Any CPU.Build.0 = Debug|Any CPU
		{CF010325-1364-4754-9192-CF7873C35F90}.Debug|x64.ActiveCfg = Debug|Any CPU
		{CF010325-1364-4754-9192-CF7873C35F90}.Debug|x64.Build.0 = Debug|Any CPU
		{CF010325-1364-4754-9192-CF7873C35F90}.Debug|x86.ActiveCfg = Debug|Any CPU
		{CF010325-1364-4754-9192-CF7873C35F90}.Debug|x86.Build.0 = Debug|Any CPU
		{CF010325-1364-4754-9192-CF7873C35F90}.Release|Any CPU.ActiveCfg = Release|Any CPU
		{CF010325-1364-4754-9192-CF7873C35F90}.Release|Any CPU.Build.0 = Release|Any CPU
		{CF010325-1364-4754-9192-CF7873C35F90}.Release|x64.ActiveCfg = Release|Any CPU
		{CF010325-1364-4754-9192-CF7873C35F90}.Release|x64.Build.0 = Release|Any CPU
		{CF010325-1364-4754-9192-CF7873C35F90}.Release|x86.ActiveCfg = Release|Any CPU
		{CF010325-1364-4754-9192-CF7873C35F90}.Release|x86.Build.0 = Release|Any CPU
		{82CA71B4-4FC9-48B3-9364-9BFC0A6E6B5A}.Debug|Any CPU.ActiveCfg = Debug|Any CPU
		{82CA71B4-4FC9-48B3-9364-9BFC0A6E6B5A}.Debug|Any CPU.Build.0 = Debug|Any CPU
		{82CA71B4-4FC9-48B3-9364-9BFC0A6E6B5A}.Debug|x64.ActiveCfg = Debug|Any CPU
		{82CA71B4-4FC9-48B3-9364-9BFC0A6E6B5A}.Debug|x64.Build.0 = Debug|Any CPU
		{82CA71B4-4FC9-48B3-9364-9BFC0A6E6B5A}.Debug|x86.ActiveCfg = Debug|Any CPU
		{82CA71B4-4FC9-48B3-9364-9BFC0A6E6B5A}.Debug|x86.Build.0 = Debug|Any CPU
		{82CA71B4-4FC9-48B3-9364-9BFC0A6E6B5A}.Release|Any CPU.ActiveCfg = Release|Any CPU
		{82CA71B4-4FC9-48B3-9364-9BFC0A6E6B5A}.Release|Any CPU.Build.0 = Release|Any CPU
		{82CA71B4-4FC9-48B3-9364-9BFC0A6E6B5A}.Release|x64.ActiveCfg = Release|Any CPU
		{82CA71B4-4FC9-48B3-9364-9BFC0A6E6B5A}.Release|x64.Build.0 = Release|Any CPU
		{82CA71B4-4FC9-48B3-9364-9BFC0A6E6B5A}.Release|x86.ActiveCfg = Release|Any CPU
		{82CA71B4-4FC9-48B3-9364-9BFC0A6E6B5A}.Release|x86.Build.0 = Release|Any CPU
		{CE94BE14-28B1-4ECB-B043-2EBC0B5235B6}.Debug|Any CPU.ActiveCfg = Debug|Any CPU
		{CE94BE14-28B1-4ECB-B043-2EBC0B5235B6}.Debug|Any CPU.Build.0 = Debug|Any CPU
		{CE94BE14-28B1-4ECB-B043-2EBC0B5235B6}.Debug|x64.ActiveCfg = Debug|Any CPU
		{CE94BE14-28B1-4ECB-B043-2EBC0B5235B6}.Debug|x64.Build.0 = Debug|Any CPU
		{CE94BE14-28B1-4ECB-B043-2EBC0B5235B6}.Debug|x86.ActiveCfg = Debug|Any CPU
		{CE94BE14-28B1-4ECB-B043-2EBC0B5235B6}.Debug|x86.Build.0 = Debug|Any CPU
		{CE94BE14-28B1-4ECB-B043-2EBC0B5235B6}.Release|Any CPU.ActiveCfg = Release|Any CPU
		{CE94BE14-28B1-4ECB-B043-2EBC0B5235B6}.Release|Any CPU.Build.0 = Release|Any CPU
		{CE94BE14-28B1-4ECB-B043-2EBC0B5235B6}.Release|x64.ActiveCfg = Release|Any CPU
		{CE94BE14-28B1-4ECB-B043-2EBC0B5235B6}.Release|x64.Build.0 = Release|Any CPU
		{CE94BE14-28B1-4ECB-B043-2EBC0B5235B6}.Release|x86.ActiveCfg = Release|Any CPU
		{CE94BE14-28B1-4ECB-B043-2EBC0B5235B6}.Release|x86.Build.0 = Release|Any CPU
		{CB7CC882-ED47-46C0-AAAE-7A437F22F1C6}.Debug|Any CPU.ActiveCfg = Debug|Any CPU
		{CB7CC882-ED47-46C0-AAAE-7A437F22F1C6}.Debug|Any CPU.Build.0 = Debug|Any CPU
		{CB7CC882-ED47-46C0-AAAE-7A437F22F1C6}.Debug|x64.ActiveCfg = Debug|Any CPU
		{CB7CC882-ED47-46C0-AAAE-7A437F22F1C6}.Debug|x64.Build.0 = Debug|Any CPU
		{CB7CC882-ED47-46C0-AAAE-7A437F22F1C6}.Debug|x86.ActiveCfg = Debug|Any CPU
		{CB7CC882-ED47-46C0-AAAE-7A437F22F1C6}.Debug|x86.Build.0 = Debug|Any CPU
		{CB7CC882-ED47-46C0-AAAE-7A437F22F1C6}.Release|Any CPU.ActiveCfg = Release|Any CPU
		{CB7CC882-ED47-46C0-AAAE-7A437F22F1C6}.Release|Any CPU.Build.0 = Release|Any CPU
		{CB7CC882-ED47-46C0-AAAE-7A437F22F1C6}.Release|x64.ActiveCfg = Release|Any CPU
		{CB7CC882-ED47-46C0-AAAE-7A437F22F1C6}.Release|x64.Build.0 = Release|Any CPU
		{CB7CC882-ED47-46C0-AAAE-7A437F22F1C6}.Release|x86.ActiveCfg = Release|Any CPU
		{CB7CC882-ED47-46C0-AAAE-7A437F22F1C6}.Release|x86.Build.0 = Release|Any CPU
		{DD1B3DF3-F861-4C6E-9F67-7167D4181DED}.Debug|Any CPU.ActiveCfg = Debug|Any CPU
		{DD1B3DF3-F861-4C6E-9F67-7167D4181DED}.Debug|Any CPU.Build.0 = Debug|Any CPU
		{DD1B3DF3-F861-4C6E-9F67-7167D4181DED}.Debug|x64.ActiveCfg = Debug|Any CPU
		{DD1B3DF3-F861-4C6E-9F67-7167D4181DED}.Debug|x64.Build.0 = Debug|Any CPU
		{DD1B3DF3-F861-4C6E-9F67-7167D4181DED}.Debug|x86.ActiveCfg = Debug|Any CPU
		{DD1B3DF3-F861-4C6E-9F67-7167D4181DED}.Debug|x86.Build.0 = Debug|Any CPU
		{DD1B3DF3-F861-4C6E-9F67-7167D4181DED}.Release|Any CPU.ActiveCfg = Release|Any CPU
		{DD1B3DF3-F861-4C6E-9F67-7167D4181DED}.Release|Any CPU.Build.0 = Release|Any CPU
		{DD1B3DF3-F861-4C6E-9F67-7167D4181DED}.Release|x64.ActiveCfg = Release|Any CPU
		{DD1B3DF3-F861-4C6E-9F67-7167D4181DED}.Release|x64.Build.0 = Release|Any CPU
		{DD1B3DF3-F861-4C6E-9F67-7167D4181DED}.Release|x86.ActiveCfg = Release|Any CPU
		{DD1B3DF3-F861-4C6E-9F67-7167D4181DED}.Release|x86.Build.0 = Release|Any CPU
		{34AD2810-F243-4076-AF6C-97FB0C26980B}.Debug|Any CPU.ActiveCfg = Debug|Any CPU
		{34AD2810-F243-4076-AF6C-97FB0C26980B}.Debug|Any CPU.Build.0 = Debug|Any CPU
		{34AD2810-F243-4076-AF6C-97FB0C26980B}.Debug|x64.ActiveCfg = Debug|Any CPU
		{34AD2810-F243-4076-AF6C-97FB0C26980B}.Debug|x64.Build.0 = Debug|Any CPU
		{34AD2810-F243-4076-AF6C-97FB0C26980B}.Debug|x86.ActiveCfg = Debug|Any CPU
		{34AD2810-F243-4076-AF6C-97FB0C26980B}.Debug|x86.Build.0 = Debug|Any CPU
		{34AD2810-F243-4076-AF6C-97FB0C26980B}.Release|Any CPU.ActiveCfg = Release|Any CPU
		{34AD2810-F243-4076-AF6C-97FB0C26980B}.Release|Any CPU.Build.0 = Release|Any CPU
		{34AD2810-F243-4076-AF6C-97FB0C26980B}.Release|x64.ActiveCfg = Release|Any CPU
		{34AD2810-F243-4076-AF6C-97FB0C26980B}.Release|x64.Build.0 = Release|Any CPU
		{34AD2810-F243-4076-AF6C-97FB0C26980B}.Release|x86.ActiveCfg = Release|Any CPU
		{34AD2810-F243-4076-AF6C-97FB0C26980B}.Release|x86.Build.0 = Release|Any CPU
		{1A6C48E6-CBB3-4642-B280-11A0E406F5A7}.Debug|Any CPU.ActiveCfg = Debug|Any CPU
		{1A6C48E6-CBB3-4642-B280-11A0E406F5A7}.Debug|Any CPU.Build.0 = Debug|Any CPU
		{1A6C48E6-CBB3-4642-B280-11A0E406F5A7}.Debug|x64.ActiveCfg = Debug|Any CPU
		{1A6C48E6-CBB3-4642-B280-11A0E406F5A7}.Debug|x64.Build.0 = Debug|Any CPU
		{1A6C48E6-CBB3-4642-B280-11A0E406F5A7}.Debug|x86.ActiveCfg = Debug|Any CPU
		{1A6C48E6-CBB3-4642-B280-11A0E406F5A7}.Debug|x86.Build.0 = Debug|Any CPU
		{1A6C48E6-CBB3-4642-B280-11A0E406F5A7}.Release|Any CPU.ActiveCfg = Release|Any CPU
		{1A6C48E6-CBB3-4642-B280-11A0E406F5A7}.Release|Any CPU.Build.0 = Release|Any CPU
		{1A6C48E6-CBB3-4642-B280-11A0E406F5A7}.Release|x64.ActiveCfg = Release|Any CPU
		{1A6C48E6-CBB3-4642-B280-11A0E406F5A7}.Release|x64.Build.0 = Release|Any CPU
		{1A6C48E6-CBB3-4642-B280-11A0E406F5A7}.Release|x86.ActiveCfg = Release|Any CPU
		{1A6C48E6-CBB3-4642-B280-11A0E406F5A7}.Release|x86.Build.0 = Release|Any CPU
		{8DAA0F54-5987-4885-8A40-8032FCBBA1B6}.Debug|Any CPU.ActiveCfg = Debug|Any CPU
		{8DAA0F54-5987-4885-8A40-8032FCBBA1B6}.Debug|Any CPU.Build.0 = Debug|Any CPU
		{8DAA0F54-5987-4885-8A40-8032FCBBA1B6}.Debug|x64.ActiveCfg = Debug|Any CPU
		{8DAA0F54-5987-4885-8A40-8032FCBBA1B6}.Debug|x64.Build.0 = Debug|Any CPU
		{8DAA0F54-5987-4885-8A40-8032FCBBA1B6}.Debug|x86.ActiveCfg = Debug|Any CPU
		{8DAA0F54-5987-4885-8A40-8032FCBBA1B6}.Debug|x86.Build.0 = Debug|Any CPU
		{8DAA0F54-5987-4885-8A40-8032FCBBA1B6}.Release|Any CPU.ActiveCfg = Release|Any CPU
		{8DAA0F54-5987-4885-8A40-8032FCBBA1B6}.Release|Any CPU.Build.0 = Release|Any CPU
		{8DAA0F54-5987-4885-8A40-8032FCBBA1B6}.Release|x64.ActiveCfg = Release|Any CPU
		{8DAA0F54-5987-4885-8A40-8032FCBBA1B6}.Release|x64.Build.0 = Release|Any CPU
		{8DAA0F54-5987-4885-8A40-8032FCBBA1B6}.Release|x86.ActiveCfg = Release|Any CPU
		{8DAA0F54-5987-4885-8A40-8032FCBBA1B6}.Release|x86.Build.0 = Release|Any CPU
		{F803D209-F57F-4F21-BE50-2A2E779CAB0E}.Debug|Any CPU.ActiveCfg = Debug|Any CPU
		{F803D209-F57F-4F21-BE50-2A2E779CAB0E}.Debug|x64.ActiveCfg = Debug|Any CPU
		{F803D209-F57F-4F21-BE50-2A2E779CAB0E}.Debug|x64.Build.0 = Debug|Any CPU
		{F803D209-F57F-4F21-BE50-2A2E779CAB0E}.Debug|x86.ActiveCfg = Debug|Any CPU
		{F803D209-F57F-4F21-BE50-2A2E779CAB0E}.Debug|x86.Build.0 = Debug|Any CPU
		{F803D209-F57F-4F21-BE50-2A2E779CAB0E}.Release|Any CPU.ActiveCfg = Release|Any CPU
		{F803D209-F57F-4F21-BE50-2A2E779CAB0E}.Release|x64.ActiveCfg = Release|Any CPU
		{F803D209-F57F-4F21-BE50-2A2E779CAB0E}.Release|x64.Build.0 = Release|Any CPU
		{F803D209-F57F-4F21-BE50-2A2E779CAB0E}.Release|x86.ActiveCfg = Release|Any CPU
		{F803D209-F57F-4F21-BE50-2A2E779CAB0E}.Release|x86.Build.0 = Release|Any CPU
		{5A44150B-2AB8-4391-A6CE-336B5CAE9E9E}.Debug|Any CPU.ActiveCfg = Debug|Any CPU
		{5A44150B-2AB8-4391-A6CE-336B5CAE9E9E}.Debug|Any CPU.Build.0 = Debug|Any CPU
		{5A44150B-2AB8-4391-A6CE-336B5CAE9E9E}.Debug|x64.ActiveCfg = Debug|Any CPU
		{5A44150B-2AB8-4391-A6CE-336B5CAE9E9E}.Debug|x64.Build.0 = Debug|Any CPU
		{5A44150B-2AB8-4391-A6CE-336B5CAE9E9E}.Debug|x86.ActiveCfg = Debug|Any CPU
		{5A44150B-2AB8-4391-A6CE-336B5CAE9E9E}.Debug|x86.Build.0 = Debug|Any CPU
		{5A44150B-2AB8-4391-A6CE-336B5CAE9E9E}.Release|Any CPU.ActiveCfg = Release|Any CPU
		{5A44150B-2AB8-4391-A6CE-336B5CAE9E9E}.Release|Any CPU.Build.0 = Release|Any CPU
		{5A44150B-2AB8-4391-A6CE-336B5CAE9E9E}.Release|x64.ActiveCfg = Release|Any CPU
		{5A44150B-2AB8-4391-A6CE-336B5CAE9E9E}.Release|x64.Build.0 = Release|Any CPU
		{5A44150B-2AB8-4391-A6CE-336B5CAE9E9E}.Release|x86.ActiveCfg = Release|Any CPU
		{5A44150B-2AB8-4391-A6CE-336B5CAE9E9E}.Release|x86.Build.0 = Release|Any CPU
		{C6D2E9E8-756B-4579-93C7-351A948D3C8C}.Debug|Any CPU.ActiveCfg = Debug|Any CPU
		{C6D2E9E8-756B-4579-93C7-351A948D3C8C}.Debug|Any CPU.Build.0 = Debug|Any CPU
		{C6D2E9E8-756B-4579-93C7-351A948D3C8C}.Debug|x64.ActiveCfg = Debug|Any CPU
		{C6D2E9E8-756B-4579-93C7-351A948D3C8C}.Debug|x64.Build.0 = Debug|Any CPU
		{C6D2E9E8-756B-4579-93C7-351A948D3C8C}.Debug|x86.ActiveCfg = Debug|Any CPU
		{C6D2E9E8-756B-4579-93C7-351A948D3C8C}.Debug|x86.Build.0 = Debug|Any CPU
		{C6D2E9E8-756B-4579-93C7-351A948D3C8C}.Release|Any CPU.ActiveCfg = Release|Any CPU
		{C6D2E9E8-756B-4579-93C7-351A948D3C8C}.Release|Any CPU.Build.0 = Release|Any CPU
		{C6D2E9E8-756B-4579-93C7-351A948D3C8C}.Release|x64.ActiveCfg = Release|Any CPU
		{C6D2E9E8-756B-4579-93C7-351A948D3C8C}.Release|x64.Build.0 = Release|Any CPU
		{C6D2E9E8-756B-4579-93C7-351A948D3C8C}.Release|x86.ActiveCfg = Release|Any CPU
		{C6D2E9E8-756B-4579-93C7-351A948D3C8C}.Release|x86.Build.0 = Release|Any CPU
		{39A51F07-4200-4770-A756-1DA9AF579C7F}.Debug|Any CPU.ActiveCfg = Debug|Any CPU
		{39A51F07-4200-4770-A756-1DA9AF579C7F}.Debug|Any CPU.Build.0 = Debug|Any CPU
		{39A51F07-4200-4770-A756-1DA9AF579C7F}.Debug|x64.ActiveCfg = Debug|Any CPU
		{39A51F07-4200-4770-A756-1DA9AF579C7F}.Debug|x64.Build.0 = Debug|Any CPU
		{39A51F07-4200-4770-A756-1DA9AF579C7F}.Debug|x86.ActiveCfg = Debug|Any CPU
		{39A51F07-4200-4770-A756-1DA9AF579C7F}.Debug|x86.Build.0 = Debug|Any CPU
		{39A51F07-4200-4770-A756-1DA9AF579C7F}.Release|Any CPU.ActiveCfg = Release|Any CPU
		{39A51F07-4200-4770-A756-1DA9AF579C7F}.Release|Any CPU.Build.0 = Release|Any CPU
		{39A51F07-4200-4770-A756-1DA9AF579C7F}.Release|x64.ActiveCfg = Release|Any CPU
		{39A51F07-4200-4770-A756-1DA9AF579C7F}.Release|x64.Build.0 = Release|Any CPU
		{39A51F07-4200-4770-A756-1DA9AF579C7F}.Release|x86.ActiveCfg = Release|Any CPU
		{39A51F07-4200-4770-A756-1DA9AF579C7F}.Release|x86.Build.0 = Release|Any CPU
		{EA15DFEC-00C0-4C2F-837A-BF69BF14DBC7}.Debug|Any CPU.ActiveCfg = Debug|Any CPU
		{EA15DFEC-00C0-4C2F-837A-BF69BF14DBC7}.Debug|Any CPU.Build.0 = Debug|Any CPU
		{EA15DFEC-00C0-4C2F-837A-BF69BF14DBC7}.Debug|x64.ActiveCfg = Debug|Any CPU
		{EA15DFEC-00C0-4C2F-837A-BF69BF14DBC7}.Debug|x64.Build.0 = Debug|Any CPU
		{EA15DFEC-00C0-4C2F-837A-BF69BF14DBC7}.Debug|x86.ActiveCfg = Debug|Any CPU
		{EA15DFEC-00C0-4C2F-837A-BF69BF14DBC7}.Debug|x86.Build.0 = Debug|Any CPU
		{EA15DFEC-00C0-4C2F-837A-BF69BF14DBC7}.Release|Any CPU.ActiveCfg = Release|Any CPU
		{EA15DFEC-00C0-4C2F-837A-BF69BF14DBC7}.Release|Any CPU.Build.0 = Release|Any CPU
		{EA15DFEC-00C0-4C2F-837A-BF69BF14DBC7}.Release|x64.ActiveCfg = Release|Any CPU
		{EA15DFEC-00C0-4C2F-837A-BF69BF14DBC7}.Release|x64.Build.0 = Release|Any CPU
		{EA15DFEC-00C0-4C2F-837A-BF69BF14DBC7}.Release|x86.ActiveCfg = Release|Any CPU
		{EA15DFEC-00C0-4C2F-837A-BF69BF14DBC7}.Release|x86.Build.0 = Release|Any CPU
		{0EFC2B21-D619-432D-B10F-D9317B99A364}.Debug|Any CPU.ActiveCfg = Debug|Any CPU
		{0EFC2B21-D619-432D-B10F-D9317B99A364}.Debug|Any CPU.Build.0 = Debug|Any CPU
		{0EFC2B21-D619-432D-B10F-D9317B99A364}.Debug|x64.ActiveCfg = Debug|Any CPU
		{0EFC2B21-D619-432D-B10F-D9317B99A364}.Debug|x64.Build.0 = Debug|Any CPU
		{0EFC2B21-D619-432D-B10F-D9317B99A364}.Debug|x86.ActiveCfg = Debug|Any CPU
		{0EFC2B21-D619-432D-B10F-D9317B99A364}.Debug|x86.Build.0 = Debug|Any CPU
		{0EFC2B21-D619-432D-B10F-D9317B99A364}.Release|Any CPU.ActiveCfg = Release|Any CPU
		{0EFC2B21-D619-432D-B10F-D9317B99A364}.Release|Any CPU.Build.0 = Release|Any CPU
		{0EFC2B21-D619-432D-B10F-D9317B99A364}.Release|x64.ActiveCfg = Release|Any CPU
		{0EFC2B21-D619-432D-B10F-D9317B99A364}.Release|x64.Build.0 = Release|Any CPU
		{0EFC2B21-D619-432D-B10F-D9317B99A364}.Release|x86.ActiveCfg = Release|Any CPU
		{0EFC2B21-D619-432D-B10F-D9317B99A364}.Release|x86.Build.0 = Release|Any CPU
		{4945E10E-1AD4-4389-B503-327B929ACBEF}.Debug|Any CPU.ActiveCfg = Debug|Any CPU
		{4945E10E-1AD4-4389-B503-327B929ACBEF}.Debug|Any CPU.Build.0 = Debug|Any CPU
		{4945E10E-1AD4-4389-B503-327B929ACBEF}.Debug|x64.ActiveCfg = Debug|Any CPU
		{4945E10E-1AD4-4389-B503-327B929ACBEF}.Debug|x64.Build.0 = Debug|Any CPU
		{4945E10E-1AD4-4389-B503-327B929ACBEF}.Debug|x86.ActiveCfg = Debug|Any CPU
		{4945E10E-1AD4-4389-B503-327B929ACBEF}.Debug|x86.Build.0 = Debug|Any CPU
		{4945E10E-1AD4-4389-B503-327B929ACBEF}.Release|Any CPU.ActiveCfg = Release|Any CPU
		{4945E10E-1AD4-4389-B503-327B929ACBEF}.Release|Any CPU.Build.0 = Release|Any CPU
		{4945E10E-1AD4-4389-B503-327B929ACBEF}.Release|x64.ActiveCfg = Release|Any CPU
		{4945E10E-1AD4-4389-B503-327B929ACBEF}.Release|x64.Build.0 = Release|Any CPU
		{4945E10E-1AD4-4389-B503-327B929ACBEF}.Release|x86.ActiveCfg = Release|Any CPU
		{4945E10E-1AD4-4389-B503-327B929ACBEF}.Release|x86.Build.0 = Release|Any CPU
		{F81CE1DD-3B2C-47F1-BD17-701E653114F7}.Debug|Any CPU.ActiveCfg = Debug|Any CPU
		{F81CE1DD-3B2C-47F1-BD17-701E653114F7}.Debug|Any CPU.Build.0 = Debug|Any CPU
		{F81CE1DD-3B2C-47F1-BD17-701E653114F7}.Debug|x64.ActiveCfg = Debug|Any CPU
		{F81CE1DD-3B2C-47F1-BD17-701E653114F7}.Debug|x64.Build.0 = Debug|Any CPU
		{F81CE1DD-3B2C-47F1-BD17-701E653114F7}.Debug|x86.ActiveCfg = Debug|Any CPU
		{F81CE1DD-3B2C-47F1-BD17-701E653114F7}.Debug|x86.Build.0 = Debug|Any CPU
		{F81CE1DD-3B2C-47F1-BD17-701E653114F7}.Release|Any CPU.ActiveCfg = Release|Any CPU
		{F81CE1DD-3B2C-47F1-BD17-701E653114F7}.Release|Any CPU.Build.0 = Release|Any CPU
		{F81CE1DD-3B2C-47F1-BD17-701E653114F7}.Release|x64.ActiveCfg = Release|Any CPU
		{F81CE1DD-3B2C-47F1-BD17-701E653114F7}.Release|x64.Build.0 = Release|Any CPU
		{F81CE1DD-3B2C-47F1-BD17-701E653114F7}.Release|x86.ActiveCfg = Release|Any CPU
		{F81CE1DD-3B2C-47F1-BD17-701E653114F7}.Release|x86.Build.0 = Release|Any CPU
		{8D18C53D-0505-4444-A607-A8E7F80A8DBA}.Debug|Any CPU.ActiveCfg = Debug|Any CPU
		{8D18C53D-0505-4444-A607-A8E7F80A8DBA}.Debug|Any CPU.Build.0 = Debug|Any CPU
		{8D18C53D-0505-4444-A607-A8E7F80A8DBA}.Debug|x64.ActiveCfg = Debug|Any CPU
		{8D18C53D-0505-4444-A607-A8E7F80A8DBA}.Debug|x64.Build.0 = Debug|Any CPU
		{8D18C53D-0505-4444-A607-A8E7F80A8DBA}.Debug|x86.ActiveCfg = Debug|Any CPU
		{8D18C53D-0505-4444-A607-A8E7F80A8DBA}.Debug|x86.Build.0 = Debug|Any CPU
		{8D18C53D-0505-4444-A607-A8E7F80A8DBA}.Release|Any CPU.ActiveCfg = Release|Any CPU
		{8D18C53D-0505-4444-A607-A8E7F80A8DBA}.Release|Any CPU.Build.0 = Release|Any CPU
		{8D18C53D-0505-4444-A607-A8E7F80A8DBA}.Release|x64.ActiveCfg = Release|Any CPU
		{8D18C53D-0505-4444-A607-A8E7F80A8DBA}.Release|x64.Build.0 = Release|Any CPU
		{8D18C53D-0505-4444-A607-A8E7F80A8DBA}.Release|x86.ActiveCfg = Release|Any CPU
		{8D18C53D-0505-4444-A607-A8E7F80A8DBA}.Release|x86.Build.0 = Release|Any CPU
		{C5277F0B-F1F2-4CBA-8943-5309A00B7405}.Debug|Any CPU.ActiveCfg = Debug|Any CPU
		{C5277F0B-F1F2-4CBA-8943-5309A00B7405}.Debug|Any CPU.Build.0 = Debug|Any CPU
		{C5277F0B-F1F2-4CBA-8943-5309A00B7405}.Debug|x64.ActiveCfg = Debug|Any CPU
		{C5277F0B-F1F2-4CBA-8943-5309A00B7405}.Debug|x64.Build.0 = Debug|Any CPU
		{C5277F0B-F1F2-4CBA-8943-5309A00B7405}.Debug|x86.ActiveCfg = Debug|Any CPU
		{C5277F0B-F1F2-4CBA-8943-5309A00B7405}.Debug|x86.Build.0 = Debug|Any CPU
		{C5277F0B-F1F2-4CBA-8943-5309A00B7405}.Release|Any CPU.ActiveCfg = Release|Any CPU
		{C5277F0B-F1F2-4CBA-8943-5309A00B7405}.Release|Any CPU.Build.0 = Release|Any CPU
		{C5277F0B-F1F2-4CBA-8943-5309A00B7405}.Release|x64.ActiveCfg = Release|Any CPU
		{C5277F0B-F1F2-4CBA-8943-5309A00B7405}.Release|x64.Build.0 = Release|Any CPU
		{C5277F0B-F1F2-4CBA-8943-5309A00B7405}.Release|x86.ActiveCfg = Release|Any CPU
		{C5277F0B-F1F2-4CBA-8943-5309A00B7405}.Release|x86.Build.0 = Release|Any CPU
		{6007234A-6ED0-4CF5-8BF3-69B10A3511FA}.Debug|Any CPU.ActiveCfg = Debug|Any CPU
		{6007234A-6ED0-4CF5-8BF3-69B10A3511FA}.Debug|Any CPU.Build.0 = Debug|Any CPU
		{6007234A-6ED0-4CF5-8BF3-69B10A3511FA}.Debug|x64.ActiveCfg = Debug|Any CPU
		{6007234A-6ED0-4CF5-8BF3-69B10A3511FA}.Debug|x64.Build.0 = Debug|Any CPU
		{6007234A-6ED0-4CF5-8BF3-69B10A3511FA}.Debug|x86.ActiveCfg = Debug|Any CPU
		{6007234A-6ED0-4CF5-8BF3-69B10A3511FA}.Debug|x86.Build.0 = Debug|Any CPU
		{6007234A-6ED0-4CF5-8BF3-69B10A3511FA}.Release|Any CPU.ActiveCfg = Release|Any CPU
		{6007234A-6ED0-4CF5-8BF3-69B10A3511FA}.Release|Any CPU.Build.0 = Release|Any CPU
		{6007234A-6ED0-4CF5-8BF3-69B10A3511FA}.Release|x64.ActiveCfg = Release|Any CPU
		{6007234A-6ED0-4CF5-8BF3-69B10A3511FA}.Release|x64.Build.0 = Release|Any CPU
		{6007234A-6ED0-4CF5-8BF3-69B10A3511FA}.Release|x86.ActiveCfg = Release|Any CPU
		{6007234A-6ED0-4CF5-8BF3-69B10A3511FA}.Release|x86.Build.0 = Release|Any CPU
		{EDD7BF56-B400-4751-B9CB-FF9728F024AE}.Debug|Any CPU.ActiveCfg = Debug|Any CPU
		{EDD7BF56-B400-4751-B9CB-FF9728F024AE}.Debug|Any CPU.Build.0 = Debug|Any CPU
		{EDD7BF56-B400-4751-B9CB-FF9728F024AE}.Debug|x64.ActiveCfg = Debug|Any CPU
		{EDD7BF56-B400-4751-B9CB-FF9728F024AE}.Debug|x64.Build.0 = Debug|Any CPU
		{EDD7BF56-B400-4751-B9CB-FF9728F024AE}.Debug|x86.ActiveCfg = Debug|Any CPU
		{EDD7BF56-B400-4751-B9CB-FF9728F024AE}.Debug|x86.Build.0 = Debug|Any CPU
		{EDD7BF56-B400-4751-B9CB-FF9728F024AE}.Release|Any CPU.ActiveCfg = Release|Any CPU
		{EDD7BF56-B400-4751-B9CB-FF9728F024AE}.Release|Any CPU.Build.0 = Release|Any CPU
		{EDD7BF56-B400-4751-B9CB-FF9728F024AE}.Release|x64.ActiveCfg = Release|Any CPU
		{EDD7BF56-B400-4751-B9CB-FF9728F024AE}.Release|x64.Build.0 = Release|Any CPU
		{EDD7BF56-B400-4751-B9CB-FF9728F024AE}.Release|x86.ActiveCfg = Release|Any CPU
		{EDD7BF56-B400-4751-B9CB-FF9728F024AE}.Release|x86.Build.0 = Release|Any CPU
		{93CF0258-2A86-488E-8864-4339F2874CF4}.Debug|Any CPU.ActiveCfg = Debug|Any CPU
		{93CF0258-2A86-488E-8864-4339F2874CF4}.Debug|Any CPU.Build.0 = Debug|Any CPU
		{93CF0258-2A86-488E-8864-4339F2874CF4}.Debug|x64.ActiveCfg = Debug|Any CPU
		{93CF0258-2A86-488E-8864-4339F2874CF4}.Debug|x64.Build.0 = Debug|Any CPU
		{93CF0258-2A86-488E-8864-4339F2874CF4}.Debug|x86.ActiveCfg = Debug|Any CPU
		{93CF0258-2A86-488E-8864-4339F2874CF4}.Debug|x86.Build.0 = Debug|Any CPU
		{93CF0258-2A86-488E-8864-4339F2874CF4}.Release|Any CPU.ActiveCfg = Release|Any CPU
		{93CF0258-2A86-488E-8864-4339F2874CF4}.Release|Any CPU.Build.0 = Release|Any CPU
		{93CF0258-2A86-488E-8864-4339F2874CF4}.Release|x64.ActiveCfg = Release|Any CPU
		{93CF0258-2A86-488E-8864-4339F2874CF4}.Release|x64.Build.0 = Release|Any CPU
		{93CF0258-2A86-488E-8864-4339F2874CF4}.Release|x86.ActiveCfg = Release|Any CPU
		{93CF0258-2A86-488E-8864-4339F2874CF4}.Release|x86.Build.0 = Release|Any CPU
		{BD4590B5-21ED-4C50-8F9E-48F900628795}.Debug|Any CPU.ActiveCfg = Debug|Any CPU
		{BD4590B5-21ED-4C50-8F9E-48F900628795}.Debug|Any CPU.Build.0 = Debug|Any CPU
		{BD4590B5-21ED-4C50-8F9E-48F900628795}.Debug|x64.ActiveCfg = Debug|Any CPU
		{BD4590B5-21ED-4C50-8F9E-48F900628795}.Debug|x64.Build.0 = Debug|Any CPU
		{BD4590B5-21ED-4C50-8F9E-48F900628795}.Debug|x86.ActiveCfg = Debug|Any CPU
		{BD4590B5-21ED-4C50-8F9E-48F900628795}.Debug|x86.Build.0 = Debug|Any CPU
		{BD4590B5-21ED-4C50-8F9E-48F900628795}.Release|Any CPU.ActiveCfg = Release|Any CPU
		{BD4590B5-21ED-4C50-8F9E-48F900628795}.Release|Any CPU.Build.0 = Release|Any CPU
		{BD4590B5-21ED-4C50-8F9E-48F900628795}.Release|x64.ActiveCfg = Release|Any CPU
		{BD4590B5-21ED-4C50-8F9E-48F900628795}.Release|x64.Build.0 = Release|Any CPU
		{BD4590B5-21ED-4C50-8F9E-48F900628795}.Release|x86.ActiveCfg = Release|Any CPU
		{BD4590B5-21ED-4C50-8F9E-48F900628795}.Release|x86.Build.0 = Release|Any CPU
		{2F3EF2ED-48D0-45C1-88A6-0195ABBA46EC}.Debug|Any CPU.ActiveCfg = Debug|Any CPU
		{2F3EF2ED-48D0-45C1-88A6-0195ABBA46EC}.Debug|Any CPU.Build.0 = Debug|Any CPU
		{2F3EF2ED-48D0-45C1-88A6-0195ABBA46EC}.Debug|x64.ActiveCfg = Debug|Any CPU
		{2F3EF2ED-48D0-45C1-88A6-0195ABBA46EC}.Debug|x64.Build.0 = Debug|Any CPU
		{2F3EF2ED-48D0-45C1-88A6-0195ABBA46EC}.Debug|x86.ActiveCfg = Debug|Any CPU
		{2F3EF2ED-48D0-45C1-88A6-0195ABBA46EC}.Debug|x86.Build.0 = Debug|Any CPU
		{2F3EF2ED-48D0-45C1-88A6-0195ABBA46EC}.Release|Any CPU.ActiveCfg = Release|Any CPU
		{2F3EF2ED-48D0-45C1-88A6-0195ABBA46EC}.Release|Any CPU.Build.0 = Release|Any CPU
		{2F3EF2ED-48D0-45C1-88A6-0195ABBA46EC}.Release|x64.ActiveCfg = Release|Any CPU
		{2F3EF2ED-48D0-45C1-88A6-0195ABBA46EC}.Release|x64.Build.0 = Release|Any CPU
		{2F3EF2ED-48D0-45C1-88A6-0195ABBA46EC}.Release|x86.ActiveCfg = Release|Any CPU
		{2F3EF2ED-48D0-45C1-88A6-0195ABBA46EC}.Release|x86.Build.0 = Release|Any CPU
		{DEFECA59-D0CA-4294-9B2F-A04D6C2A5F26}.Debug|Any CPU.ActiveCfg = Debug|Any CPU
		{DEFECA59-D0CA-4294-9B2F-A04D6C2A5F26}.Debug|Any CPU.Build.0 = Debug|Any CPU
		{DEFECA59-D0CA-4294-9B2F-A04D6C2A5F26}.Debug|x64.ActiveCfg = Debug|Any CPU
		{DEFECA59-D0CA-4294-9B2F-A04D6C2A5F26}.Debug|x64.Build.0 = Debug|Any CPU
		{DEFECA59-D0CA-4294-9B2F-A04D6C2A5F26}.Debug|x86.ActiveCfg = Debug|Any CPU
		{DEFECA59-D0CA-4294-9B2F-A04D6C2A5F26}.Debug|x86.Build.0 = Debug|Any CPU
		{DEFECA59-D0CA-4294-9B2F-A04D6C2A5F26}.Release|Any CPU.ActiveCfg = Release|Any CPU
		{DEFECA59-D0CA-4294-9B2F-A04D6C2A5F26}.Release|Any CPU.Build.0 = Release|Any CPU
		{DEFECA59-D0CA-4294-9B2F-A04D6C2A5F26}.Release|x64.ActiveCfg = Release|Any CPU
		{DEFECA59-D0CA-4294-9B2F-A04D6C2A5F26}.Release|x64.Build.0 = Release|Any CPU
		{DEFECA59-D0CA-4294-9B2F-A04D6C2A5F26}.Release|x86.ActiveCfg = Release|Any CPU
		{DEFECA59-D0CA-4294-9B2F-A04D6C2A5F26}.Release|x86.Build.0 = Release|Any CPU
		{ECBB7160-2D73-40C6-8F9A-BB4E818B1C17}.Debug|Any CPU.ActiveCfg = Debug|Any CPU
		{ECBB7160-2D73-40C6-8F9A-BB4E818B1C17}.Debug|Any CPU.Build.0 = Debug|Any CPU
		{ECBB7160-2D73-40C6-8F9A-BB4E818B1C17}.Debug|x64.ActiveCfg = Debug|Any CPU
		{ECBB7160-2D73-40C6-8F9A-BB4E818B1C17}.Debug|x64.Build.0 = Debug|Any CPU
		{ECBB7160-2D73-40C6-8F9A-BB4E818B1C17}.Debug|x86.ActiveCfg = Debug|Any CPU
		{ECBB7160-2D73-40C6-8F9A-BB4E818B1C17}.Debug|x86.Build.0 = Debug|Any CPU
		{ECBB7160-2D73-40C6-8F9A-BB4E818B1C17}.Release|Any CPU.ActiveCfg = Release|Any CPU
		{ECBB7160-2D73-40C6-8F9A-BB4E818B1C17}.Release|Any CPU.Build.0 = Release|Any CPU
		{ECBB7160-2D73-40C6-8F9A-BB4E818B1C17}.Release|x64.ActiveCfg = Release|Any CPU
		{ECBB7160-2D73-40C6-8F9A-BB4E818B1C17}.Release|x64.Build.0 = Release|Any CPU
		{ECBB7160-2D73-40C6-8F9A-BB4E818B1C17}.Release|x86.ActiveCfg = Release|Any CPU
		{ECBB7160-2D73-40C6-8F9A-BB4E818B1C17}.Release|x86.Build.0 = Release|Any CPU
		{1D98C425-85B4-4281-89A6-5434FB492A86}.Debug|Any CPU.ActiveCfg = Debug|Any CPU
		{1D98C425-85B4-4281-89A6-5434FB492A86}.Debug|x64.ActiveCfg = Debug|Any CPU
		{1D98C425-85B4-4281-89A6-5434FB492A86}.Debug|x64.Build.0 = Debug|Any CPU
		{1D98C425-85B4-4281-89A6-5434FB492A86}.Debug|x86.ActiveCfg = Debug|Any CPU
		{1D98C425-85B4-4281-89A6-5434FB492A86}.Debug|x86.Build.0 = Debug|Any CPU
		{1D98C425-85B4-4281-89A6-5434FB492A86}.Release|Any CPU.ActiveCfg = Release|Any CPU
		{1D98C425-85B4-4281-89A6-5434FB492A86}.Release|x64.ActiveCfg = Release|Any CPU
		{1D98C425-85B4-4281-89A6-5434FB492A86}.Release|x64.Build.0 = Release|Any CPU
		{1D98C425-85B4-4281-89A6-5434FB492A86}.Release|x86.ActiveCfg = Release|Any CPU
		{1D98C425-85B4-4281-89A6-5434FB492A86}.Release|x86.Build.0 = Release|Any CPU
		{EF0030AC-1F81-448B-B9F2-3CF5EFFBEA52}.Debug|Any CPU.ActiveCfg = Debug|Any CPU
		{EF0030AC-1F81-448B-B9F2-3CF5EFFBEA52}.Debug|Any CPU.Build.0 = Debug|Any CPU
		{EF0030AC-1F81-448B-B9F2-3CF5EFFBEA52}.Debug|x64.ActiveCfg = Debug|Any CPU
		{EF0030AC-1F81-448B-B9F2-3CF5EFFBEA52}.Debug|x64.Build.0 = Debug|Any CPU
		{EF0030AC-1F81-448B-B9F2-3CF5EFFBEA52}.Debug|x86.ActiveCfg = Debug|Any CPU
		{EF0030AC-1F81-448B-B9F2-3CF5EFFBEA52}.Debug|x86.Build.0 = Debug|Any CPU
		{EF0030AC-1F81-448B-B9F2-3CF5EFFBEA52}.Release|Any CPU.ActiveCfg = Release|Any CPU
		{EF0030AC-1F81-448B-B9F2-3CF5EFFBEA52}.Release|Any CPU.Build.0 = Release|Any CPU
		{EF0030AC-1F81-448B-B9F2-3CF5EFFBEA52}.Release|x64.ActiveCfg = Release|Any CPU
		{EF0030AC-1F81-448B-B9F2-3CF5EFFBEA52}.Release|x64.Build.0 = Release|Any CPU
		{EF0030AC-1F81-448B-B9F2-3CF5EFFBEA52}.Release|x86.ActiveCfg = Release|Any CPU
		{EF0030AC-1F81-448B-B9F2-3CF5EFFBEA52}.Release|x86.Build.0 = Release|Any CPU
		{6F0A640F-91D6-485F-A961-E2994D58756F}.Debug|Any CPU.ActiveCfg = Debug|Any CPU
		{6F0A640F-91D6-485F-A961-E2994D58756F}.Debug|x64.ActiveCfg = Debug|Any CPU
		{6F0A640F-91D6-485F-A961-E2994D58756F}.Debug|x64.Build.0 = Debug|Any CPU
		{6F0A640F-91D6-485F-A961-E2994D58756F}.Debug|x86.ActiveCfg = Debug|Any CPU
		{6F0A640F-91D6-485F-A961-E2994D58756F}.Debug|x86.Build.0 = Debug|Any CPU
		{6F0A640F-91D6-485F-A961-E2994D58756F}.Release|Any CPU.ActiveCfg = Release|Any CPU
		{6F0A640F-91D6-485F-A961-E2994D58756F}.Release|x64.ActiveCfg = Release|Any CPU
		{6F0A640F-91D6-485F-A961-E2994D58756F}.Release|x64.Build.0 = Release|Any CPU
		{6F0A640F-91D6-485F-A961-E2994D58756F}.Release|x86.ActiveCfg = Release|Any CPU
		{6F0A640F-91D6-485F-A961-E2994D58756F}.Release|x86.Build.0 = Release|Any CPU
		{763837D0-56FA-40B7-84A5-5CB2D9448F51}.Debug|Any CPU.ActiveCfg = Debug|Any CPU
		{763837D0-56FA-40B7-84A5-5CB2D9448F51}.Debug|x64.ActiveCfg = Debug|Any CPU
		{763837D0-56FA-40B7-84A5-5CB2D9448F51}.Debug|x64.Build.0 = Debug|Any CPU
		{763837D0-56FA-40B7-84A5-5CB2D9448F51}.Debug|x86.ActiveCfg = Debug|Any CPU
		{763837D0-56FA-40B7-84A5-5CB2D9448F51}.Debug|x86.Build.0 = Debug|Any CPU
		{763837D0-56FA-40B7-84A5-5CB2D9448F51}.Release|Any CPU.ActiveCfg = Release|Any CPU
		{763837D0-56FA-40B7-84A5-5CB2D9448F51}.Release|x64.ActiveCfg = Release|Any CPU
		{763837D0-56FA-40B7-84A5-5CB2D9448F51}.Release|x64.Build.0 = Release|Any CPU
		{763837D0-56FA-40B7-84A5-5CB2D9448F51}.Release|x86.ActiveCfg = Release|Any CPU
		{763837D0-56FA-40B7-84A5-5CB2D9448F51}.Release|x86.Build.0 = Release|Any CPU
		{67A695F2-23F7-4815-8F92-D23E7C8CCD7B}.Debug|Any CPU.ActiveCfg = Debug|Any CPU
		{67A695F2-23F7-4815-8F92-D23E7C8CCD7B}.Debug|x64.ActiveCfg = Debug|Any CPU
		{67A695F2-23F7-4815-8F92-D23E7C8CCD7B}.Debug|x64.Build.0 = Debug|Any CPU
		{67A695F2-23F7-4815-8F92-D23E7C8CCD7B}.Debug|x86.ActiveCfg = Debug|Any CPU
		{67A695F2-23F7-4815-8F92-D23E7C8CCD7B}.Debug|x86.Build.0 = Debug|Any CPU
		{67A695F2-23F7-4815-8F92-D23E7C8CCD7B}.Release|Any CPU.ActiveCfg = Release|Any CPU
		{67A695F2-23F7-4815-8F92-D23E7C8CCD7B}.Release|x64.ActiveCfg = Release|Any CPU
		{67A695F2-23F7-4815-8F92-D23E7C8CCD7B}.Release|x64.Build.0 = Release|Any CPU
		{67A695F2-23F7-4815-8F92-D23E7C8CCD7B}.Release|x86.ActiveCfg = Release|Any CPU
		{67A695F2-23F7-4815-8F92-D23E7C8CCD7B}.Release|x86.Build.0 = Release|Any CPU
		{AD7B5AF3-79A3-4BF0-9AD1-2EC9D5D6BACE}.Debug|Any CPU.ActiveCfg = Debug|Any CPU
		{AD7B5AF3-79A3-4BF0-9AD1-2EC9D5D6BACE}.Debug|x64.ActiveCfg = Debug|Any CPU
		{AD7B5AF3-79A3-4BF0-9AD1-2EC9D5D6BACE}.Debug|x64.Build.0 = Debug|Any CPU
		{AD7B5AF3-79A3-4BF0-9AD1-2EC9D5D6BACE}.Debug|x86.ActiveCfg = Debug|Any CPU
		{AD7B5AF3-79A3-4BF0-9AD1-2EC9D5D6BACE}.Debug|x86.Build.0 = Debug|Any CPU
		{AD7B5AF3-79A3-4BF0-9AD1-2EC9D5D6BACE}.Release|Any CPU.ActiveCfg = Release|Any CPU
		{AD7B5AF3-79A3-4BF0-9AD1-2EC9D5D6BACE}.Release|x64.ActiveCfg = Release|Any CPU
		{AD7B5AF3-79A3-4BF0-9AD1-2EC9D5D6BACE}.Release|x64.Build.0 = Release|Any CPU
		{AD7B5AF3-79A3-4BF0-9AD1-2EC9D5D6BACE}.Release|x86.ActiveCfg = Release|Any CPU
		{AD7B5AF3-79A3-4BF0-9AD1-2EC9D5D6BACE}.Release|x86.Build.0 = Release|Any CPU
		{C01FCCBE-2299-4A5C-AB3E-2EF3B68122B4}.Debug|Any CPU.ActiveCfg = Debug|Any CPU
		{C01FCCBE-2299-4A5C-AB3E-2EF3B68122B4}.Debug|Any CPU.Build.0 = Debug|Any CPU
		{C01FCCBE-2299-4A5C-AB3E-2EF3B68122B4}.Debug|x64.ActiveCfg = Debug|Any CPU
		{C01FCCBE-2299-4A5C-AB3E-2EF3B68122B4}.Debug|x64.Build.0 = Debug|Any CPU
		{C01FCCBE-2299-4A5C-AB3E-2EF3B68122B4}.Debug|x86.ActiveCfg = Debug|Any CPU
		{C01FCCBE-2299-4A5C-AB3E-2EF3B68122B4}.Debug|x86.Build.0 = Debug|Any CPU
		{C01FCCBE-2299-4A5C-AB3E-2EF3B68122B4}.Release|Any CPU.ActiveCfg = Release|Any CPU
		{C01FCCBE-2299-4A5C-AB3E-2EF3B68122B4}.Release|Any CPU.Build.0 = Release|Any CPU
		{C01FCCBE-2299-4A5C-AB3E-2EF3B68122B4}.Release|x64.ActiveCfg = Release|Any CPU
		{C01FCCBE-2299-4A5C-AB3E-2EF3B68122B4}.Release|x64.Build.0 = Release|Any CPU
		{C01FCCBE-2299-4A5C-AB3E-2EF3B68122B4}.Release|x86.ActiveCfg = Release|Any CPU
		{C01FCCBE-2299-4A5C-AB3E-2EF3B68122B4}.Release|x86.Build.0 = Release|Any CPU
		{843ED736-BA41-4EA5-91D7-249D2C73564A}.Debug|Any CPU.ActiveCfg = Debug|Any CPU
		{843ED736-BA41-4EA5-91D7-249D2C73564A}.Debug|x64.ActiveCfg = Debug|Any CPU
		{843ED736-BA41-4EA5-91D7-249D2C73564A}.Debug|x64.Build.0 = Debug|Any CPU
		{843ED736-BA41-4EA5-91D7-249D2C73564A}.Debug|x86.ActiveCfg = Debug|Any CPU
		{843ED736-BA41-4EA5-91D7-249D2C73564A}.Debug|x86.Build.0 = Debug|Any CPU
		{843ED736-BA41-4EA5-91D7-249D2C73564A}.Release|Any CPU.ActiveCfg = Release|Any CPU
		{843ED736-BA41-4EA5-91D7-249D2C73564A}.Release|x64.ActiveCfg = Release|Any CPU
		{843ED736-BA41-4EA5-91D7-249D2C73564A}.Release|x64.Build.0 = Release|Any CPU
		{843ED736-BA41-4EA5-91D7-249D2C73564A}.Release|x86.ActiveCfg = Release|Any CPU
		{843ED736-BA41-4EA5-91D7-249D2C73564A}.Release|x86.Build.0 = Release|Any CPU
		{0E3E843E-0F3A-43D6-B1B5-21B51B0BE313}.Debug|Any CPU.ActiveCfg = Debug
		{0E3E843E-0F3A-43D6-B1B5-21B51B0BE313}.Debug|x64.ActiveCfg = Debug
		{0E3E843E-0F3A-43D6-B1B5-21B51B0BE313}.Debug|x64.Build.0 = Debug
		{0E3E843E-0F3A-43D6-B1B5-21B51B0BE313}.Debug|x86.ActiveCfg = Debug
		{0E3E843E-0F3A-43D6-B1B5-21B51B0BE313}.Debug|x86.Build.0 = Debug
		{0E3E843E-0F3A-43D6-B1B5-21B51B0BE313}.Release|Any CPU.ActiveCfg = Release
		{0E3E843E-0F3A-43D6-B1B5-21B51B0BE313}.Release|x64.ActiveCfg = Release
		{0E3E843E-0F3A-43D6-B1B5-21B51B0BE313}.Release|x64.Build.0 = Release
		{0E3E843E-0F3A-43D6-B1B5-21B51B0BE313}.Release|x86.ActiveCfg = Release
		{0E3E843E-0F3A-43D6-B1B5-21B51B0BE313}.Release|x86.Build.0 = Release
		{2E835210-D889-4CA7-8C2C-CFB0D6442446}.Debug|Any CPU.ActiveCfg = Debug|Any CPU
		{2E835210-D889-4CA7-8C2C-CFB0D6442446}.Debug|Any CPU.Build.0 = Debug|Any CPU
		{2E835210-D889-4CA7-8C2C-CFB0D6442446}.Debug|x64.ActiveCfg = Debug|Any CPU
		{2E835210-D889-4CA7-8C2C-CFB0D6442446}.Debug|x64.Build.0 = Debug|Any CPU
		{2E835210-D889-4CA7-8C2C-CFB0D6442446}.Debug|x86.ActiveCfg = Debug|Any CPU
		{2E835210-D889-4CA7-8C2C-CFB0D6442446}.Debug|x86.Build.0 = Debug|Any CPU
		{2E835210-D889-4CA7-8C2C-CFB0D6442446}.Release|Any CPU.ActiveCfg = Release|Any CPU
		{2E835210-D889-4CA7-8C2C-CFB0D6442446}.Release|Any CPU.Build.0 = Release|Any CPU
		{2E835210-D889-4CA7-8C2C-CFB0D6442446}.Release|x64.ActiveCfg = Release|Any CPU
		{2E835210-D889-4CA7-8C2C-CFB0D6442446}.Release|x64.Build.0 = Release|Any CPU
		{2E835210-D889-4CA7-8C2C-CFB0D6442446}.Release|x86.ActiveCfg = Release|Any CPU
		{2E835210-D889-4CA7-8C2C-CFB0D6442446}.Release|x86.Build.0 = Release|Any CPU
		{C99B1DDE-AD83-42B6-B049-6C1DB87544F9}.Debug|Any CPU.ActiveCfg = Debug
		{C99B1DDE-AD83-42B6-B049-6C1DB87544F9}.Debug|x64.ActiveCfg = Debug
		{C99B1DDE-AD83-42B6-B049-6C1DB87544F9}.Debug|x64.Build.0 = Debug
		{C99B1DDE-AD83-42B6-B049-6C1DB87544F9}.Debug|x86.ActiveCfg = Debug
		{C99B1DDE-AD83-42B6-B049-6C1DB87544F9}.Debug|x86.Build.0 = Debug
		{C99B1DDE-AD83-42B6-B049-6C1DB87544F9}.Release|Any CPU.ActiveCfg = Release
		{C99B1DDE-AD83-42B6-B049-6C1DB87544F9}.Release|x64.ActiveCfg = Release
		{C99B1DDE-AD83-42B6-B049-6C1DB87544F9}.Release|x64.Build.0 = Release
		{C99B1DDE-AD83-42B6-B049-6C1DB87544F9}.Release|x86.ActiveCfg = Release
		{C99B1DDE-AD83-42B6-B049-6C1DB87544F9}.Release|x86.Build.0 = Release
	EndGlobalSection
	GlobalSection(SolutionProperties) = preSolution
		HideSolutionNode = FALSE
	EndGlobalSection
	GlobalSection(ExtensibilityGlobals) = postSolution
		SolutionGuid = {CF98644E-D964-4FA5-9B13-BC7A6AB1EA7F}
	EndGlobalSection
EndGlobal
